Microsoft Visual Studio Solution File, Format Version 8.00
Project("{FAE04EC0-301F-11D3-BF4B-00C04F79EFBC}") = "MACTrackBarLib", "MACTrackBarLib\MACTrackBarLib.csproj", "{77A112B1-5440-440B-A0F6-2EDCC5B093CB}"
	ProjectSection(ProjectDependencies) = postProject
	EndProjectSection
EndProject
Project("{FAE04EC0-301F-11D3-BF4B-00C04F79EFBC}") = "TestApp", "TestApp\TestApp.csproj", "{88737E8F-582E-41A6-AAD6-BF923C2757B4}"
	ProjectSection(ProjectDependencies) = postProject
	EndProjectSection
EndProject
Global
	GlobalSection(SolutionConfiguration) = preSolution
		Debug = Debug
		Release = Release
	EndGlobalSection
	GlobalSection(ProjectConfiguration) = postSolution
		{77A112B1-5440-440B-A0F6-2EDCC5B093CB}.Debug.ActiveCfg = Debug|.NET
		{77A112B1-5440-440B-A0F6-2EDCC5B093CB}.Debug.Build.0 = Debug|.NET
		{77A112B1-5440-440B-A0F6-2EDCC5B093CB}.Release.ActiveCfg = Release|.NET
		{77A112B1-5440-440B-A0F6-2EDCC5B093CB}.Release.Build.0 = Release|.NET
		{88737E8F-582E-41A6-AAD6-BF923C2757B4}.Debug.ActiveCfg = Debug|.NET
		{88737E8F-582E-41A6-AAD6-BF923C2757B4}.Debug.Build.0 = Debug|.NET
		{88737E8F-582E-41A6-AAD6-BF923C2757B4}.Release.ActiveCfg = Release|.NET
		{88737E8F-582E-41A6-AAD6-BF923C2757B4}.Release.Build.0 = Release|.NET
	EndGlobalSection
	GlobalSection(ExtensibilityGlobals) = postSolution
	EndGlobalSection
	GlobalSection(ExtensibilityAddIns) = postSolution
	EndGlobalSection
EndGlobal
